
Microsoft Visual Studio Solution File, Format Version 12.00
# Visual Studio Version 17
VisualStudioVersion = 17.14.36930.0 d17.14
MinimumVisualStudioVersion = 10.0.40219.1
Project("{FAE04EC0-301F-11D3-BF4B-00C04F79EFBC}") = "RedditAnalyzer", "RedditAnalyzer\RedditAnalyzer.csproj", "{19DF3AB8-6D84-4DC1-A15A-E07B0D5DD295}"
EndProject
Global
	GlobalSection(SolutionConfigurationPlatforms) = preSolution
		Debug|Any CPU = Debug|Any CPU
		Release|Any CPU = Release|Any CPU
	EndGlobalSection
	GlobalSection(ProjectConfigurationPlatforms) = postSolution
		{19DF3AB8-6D84-4DC1-A15A-E07B0D5DD295}.Debug|Any CPU.ActiveCfg = Debug|Any CPU
		{19DF3AB8-6D84-4DC1-A15A-E07B0D5DD295}.Debug|Any CPU.Build.0 = Debug|Any CPU
		{19DF3AB8-6D84-4DC1-A15A-E07B0D5DD295}.Release|Any CPU.ActiveCfg = Release|Any CPU
		{19DF3AB8-6D84-4DC1-A15A-E07B0D5DD295}.Release|Any CPU.Build.0 = Release|Any CPU
	EndGlobalSection
	GlobalSection(SolutionProperties) = preSolution
		HideSolutionNode = FALSE
	EndGlobalSection
	GlobalSection(ExtensibilityGlobals) = postSolution
		SolutionGuid = {17EE654C-9503-4769-8363-AC8C4B68165D}
	EndGlobalSection
EndGlobal
